// !$*UTF8*$!
{
	archiveVersion = 1;
	classes = {
	};
	objectVersion = 55;
	objects = {

/* Begin PBXBuildFile section */
		A087A77327318413000BB32A /* RealmStackApp.swift in Sources */ = {isa = PBXBuildFile; fileRef = A087A77227318413000BB32A /* RealmStackApp.swift */; };
		A087A77527318413000BB32A /* ContentView.swift in Sources */ = {isa = PBXBuildFile; fileRef = A087A77427318413000BB32A /* ContentView.swift */; };
		A087A77727318415000BB32A /* Assets.xcassets in Resources */ = {isa = PBXBuildFile; fileRef = A087A77627318415000BB32A /* Assets.xcassets */; };
		A087A77A27318415000BB32A /* Preview Assets.xcassets in Resources */ = {isa = PBXBuildFile; fileRef = A087A77927318415000BB32A /* Preview Assets.xcassets */; };
		A087A78127318441000BB32A /* StopCellView.swift in Sources */ = {isa = PBXBuildFile; fileRef = A087A78027318441000BB32A /* StopCellView.swift */; };
		A087A78327318466000BB32A /* Models.swift in Sources */ = {isa = PBXBuildFile; fileRef = A087A78227318466000BB32A /* Models.swift */; };
		A087A78E27318710000BB32A /* Realm in Frameworks */ = {isa = PBXBuildFile; productRef = A087A78D27318710000BB32A /* Realm */; };
		A087A79027318710000BB32A /* RealmSwift in Frameworks */ = {isa = PBXBuildFile; productRef = A087A78F27318710000BB32A /* RealmSwift */; };
		A087A79227318900000BB32A /* ContentDetailsView.swift in Sources */ = {isa = PBXBuildFile; fileRef = A087A79127318900000BB32A /* ContentDetailsView.swift */; };
/* End PBXBuildFile section */

/* Begin PBXFileReference section */
		A087A76F27318413000BB32A /* RealmStack.app */ = {isa = PBXFileReference; explicitFileType = wrapper.application; includeInIndex = 0; path = RealmStack.app; sourceTree = BUILT_PRODUCTS_DIR; };
		A087A77227318413000BB32A /* RealmStackApp.swift */ = {isa = PBXFileReference; lastKnownFileType = sourcecode.swift; path = RealmStackApp.swift; sourceTree = "<group>"; };
		A087A77427318413000BB32A /* ContentView.swift */ = {isa = PBXFileReference; lastKnownFileType = sourcecode.swift; path = ContentView.swift; sourceTree = "<group>"; };
		A087A77627318415000BB32A /* Assets.xcassets */ = {isa = PBXFileReference; lastKnownFileType = folder.assetcatalog; path = Assets.xcassets; sourceTree = "<group>"; };
		A087A77927318415000BB32A /* Preview Assets.xcassets */ = {isa = PBXFileReference; lastKnownFileType = folder.assetcatalog; path = "Preview Assets.xcassets"; sourceTree = "<group>"; };
		A087A78027318441000BB32A /* StopCellView.swift */ = {isa = PBXFileReference; lastKnownFileType = sourcecode.swift; path = StopCellView.swift; sourceTree = "<group>"; };
		A087A78227318466000BB32A /* Models.swift */ = {isa = PBXFileReference; lastKnownFileType = sourcecode.swift; path = Models.swift; sourceTree = "<group>"; };
		A087A79127318900000BB32A /* ContentDetailsView.swift */ = {isa = PBXFileReference; fileEncoding = 4; lastKnownFileType = sourcecode.swift; path = ContentDetailsView.swift; sourceTree = "<group>"; };
/* End PBXFileReference section */

/* Begin PBXFrameworksBuildPhase section */
		A087A76C27318413000BB32A /* Frameworks */ = {
			isa = PBXFrameworksBuildPhase;
			buildActionMask = 2147483647;
			files = (
				A087A79027318710000BB32A /* RealmSwift in Frameworks */,
				A087A78E27318710000BB32A /* Realm in Frameworks */,
			);
			runOnlyForDeploymentPostprocessing = 0;
		};
/* End PBXFrameworksBuildPhase section */

/* Begin PBXGroup section */
		A087A76627318413000BB32A = {
			isa = PBXGroup;
			children = (
				A087A77127318413000BB32A /* RealmStack */,
				A087A77027318413000BB32A /* Products */,
			);
			sourceTree = "<group>";
		};
		A087A77027318413000BB32A /* Products */ = {
			isa = PBXGroup;
			children = (
				A087A76F27318413000BB32A /* RealmStack.app */,
			);
			name = Products;
			sourceTree = "<group>";
		};
		A087A77127318413000BB32A /* RealmStack */ = {
			isa = PBXGroup;
			children = (
				A087A77227318413000BB32A /* RealmStackApp.swift */,
				A087A77427318413000BB32A /* ContentView.swift */,
				A087A79127318900000BB32A /* ContentDetailsView.swift */,
				A087A78027318441000BB32A /* StopCellView.swift */,
				A087A78227318466000BB32A /* Models.swift */,
				A087A77627318415000BB32A /* Assets.xcassets */,
				A087A77827318415000BB32A /* Preview Content */,
			);
			path = RealmStack;
			sourceTree = "<group>";
		};
		A087A77827318415000BB32A /* Preview Content */ = {
			isa = PBXGroup;
			children = (
				A087A77927318415000BB32A /* Preview Assets.xcassets */,
			);
			path = "Preview Content";
			sourceTree = "<group>";
		};
/* End PBXGroup section */

/* Begin PBXNativeTarget section */
		A087A76E27318413000BB32A /* RealmStack */ = {
			isa = PBXNativeTarget;
			buildConfigurationList = A087A77D27318415000BB32A /* Build configuration list for PBXNativeTarget "RealmStack" */;
			buildPhases = (
				A087A76B27318413000BB32A /* Sources */,
				A087A76C27318413000BB32A /* Frameworks */,
				A087A76D27318413000BB32A /* Resources */,
			);
			buildRules = (
			);
			dependencies = (
			);
			name = RealmStack;
			packageProductDependencies = (
				A087A78D27318710000BB32A /* Realm */,
				A087A78F27318710000BB32A /* RealmSwift */,
			);
			productName = RealmStack;
			productReference = A087A76F27318413000BB32A /* RealmStack.app */;
			productType = "com.apple.product-type.application";
		};
/* End PBXNativeTarget section */

/* Begin PBXProject section */
		A087A76727318413000BB32A /* Project object */ = {
			isa = PBXProject;
			attributes = {
				BuildIndependentTargetsInParallel = 1;
				LastSwiftUpdateCheck = 1300;
				LastUpgradeCheck = 1300;
				TargetAttributes = {
					A087A76E27318413000BB32A = {
						CreatedOnToolsVersion = 13.0;
					};
				};
			};
			buildConfigurationList = A087A76A27318413000BB32A /* Build configuration list for PBXProject "RealmStack" */;
			compatibilityVersion = "Xcode 13.0";
			developmentRegion = en;
			hasScannedForEncodings = 0;
			knownRegions = (
				en,
				Base,
			);
			mainGroup = A087A76627318413000BB32A;
			packageReferences = (
				A087A78C27318710000BB32A /* XCRemoteSwiftPackageReference "realm-cocoa" */,
			);
			productRefGroup = A087A77027318413000BB32A /* Products */;
			projectDirPath = "";
			projectRoot = "";
			targets = (
				A087A76E27318413000BB32A /* RealmStack */,
			);
		};
/* End PBXProject section */

/* Begin PBXResourcesBuildPhase section */
		A087A76D27318413000BB32A /* Resources */ = {
			isa = PBXResourcesBuildPhase;
			buildActionMask = 2147483647;
			files = (
				A087A77A27318415000BB32A /* Preview Assets.xcassets in Resources */,
				A087A77727318415000BB32A /* Assets.xcassets in Resources */,
			);
			runOnlyForDeploymentPostprocessing = 0;
		};
/* End PBXResourcesBuildPhase section */

/* Begin PBXSourcesBuildPhase section */
		A087A76B27318413000BB32A /* Sources */ = {
			isa = PBXSourcesBuildPhase;
			buildActionMask = 2147483647;
			files = (
				A087A79227318900000BB32A /* ContentDetailsView.swift in Sources */,
				A087A77527318413000BB32A /* ContentView.swift in Sources */,
				A087A77327318413000BB32A /* RealmStackApp.swift in Sources */,
				A087A78127318441000BB32A /* StopCellView.swift in Sources */,
				A087A78327318466000BB32A /* Models.swift in Sources */,
			);
			runOnlyForDeploymentPostprocessing = 0;
		};
/* End PBXSourcesBuildPhase section */

/* Begin XCBuildConfiguration section */
		A087A77B27318415000BB32A /* Debug */ = {
			isa = XCBuildConfiguration;
			buildSettings = {
				ALWAYS_SEARCH_USER_PATHS = NO;
				CLANG_ANALYZER_NONNULL = YES;
				CLANG_ANALYZER_NUMBER_OBJECT_CONVERSION = YES_AGGRESSIVE;
				CLANG_CXX_LANGUAGE_STANDARD = "gnu++17";
				CLANG_CXX_LIBRARY = "libc++";
				CLANG_ENABLE_MODULES = YES;
				CLANG_ENABLE_OBJC_ARC = YES;
				CLANG_ENABLE_OBJC_WEAK = YES;
				CLANG_WARN_BLOCK_CAPTURE_AUTORELEASING = YES;
				CLANG_WARN_BOOL_CONVERSION = YES;
				CLANG_WARN_COMMA = YES;
				CLANG_WARN_CONSTANT_CONVERSION = YES;
				CLANG_WARN_DEPRECATED_OBJC_IMPLEMENTATIONS = YES;
				CLANG_WARN_DIRECT_OBJC_ISA_USAGE = YES_ERROR;
				CLANG_WARN_DOCUMENTATION_COMMENTS = YES;
				CLANG_WARN_EMPTY_BODY = YES;
				CLANG_WARN_ENUM_CONVERSION = YES;
				CLANG_WARN_INFINITE_RECURSION = YES;
				CLANG_WARN_INT_CONVERSION = YES;
				CLANG_WARN_NON_LITERAL_NULL_CONVERSION = YES;
				CLANG_WARN_OBJC_IMPLICIT_RETAIN_SELF = YES;
				CLANG_WARN_OBJC_LITERAL_CONVERSION = YES;
				CLANG_WARN_OBJC_ROOT_CLASS = YES_ERROR;
				CLANG_WARN_QUOTED_INCLUDE_IN_FRAMEWORK_HEADER = YES;
				CLANG_WARN_RANGE_LOOP_ANALYSIS = YES;
				CLANG_WARN_STRICT_PROTOTYPES = YES;
				CLANG_WARN_SUSPICIOUS_MOVE = YES;
				CLANG_WARN_UNGUARDED_AVAILABILITY = YES_AGGRESSIVE;
				CLANG_WARN_UNREACHABLE_CODE = YES;
				CLANG_WARN__DUPLICATE_METHOD_MATCH = YES;
				COPY_PHASE_STRIP = NO;
				DEBUG_INFORMATION_FORMAT = dwarf;
				ENABLE_STRICT_OBJC_MSGSEND = YES;
				ENABLE_TESTABILITY = YES;
				GCC_C_LANGUAGE_STANDARD = gnu11;
				GCC_DYNAMIC_NO_PIC = NO;
				GCC_NO_COMMON_BLOCKS = YES;
				GCC_OPTIMIZATION_LEVEL = 0;
				GCC_PREPROCESSOR_DEFINITIONS = (
					"DEBUG=1",
					"$(inherited)",
				);
				GCC_WARN_64_TO_32_BIT_CONVERSION = YES;
				GCC_WARN_ABOUT_RETURN_TYPE = YES_ERROR;
				GCC_WARN_UNDECLARED_SELECTOR = YES;
				GCC_WARN_UNINITIALIZED_AUTOS = YES_AGGRESSIVE;
				GCC_WARN_UNUSED_FUNCTION = YES;
				GCC_WARN_UNUSED_VARIABLE = YES;
				IPHONEOS_DEPLOYMENT_TARGET = 15.0;
				MTL_ENABLE_DEBUG_INFO = INCLUDE_SOURCE;
				MTL_FAST_MATH = YES;
				ONLY_ACTIVE_ARCH = YES;
				SDKROOT = iphoneos;
				SWIFT_ACTIVE_COMPILATION_CONDITIONS = DEBUG;
				SWIFT_OPTIMIZATION_LEVEL = "-Onone";
			};
			name = Debug;
		};
		A087A77C27318415000BB32A /* Release */ = {
			isa = XCBuildConfiguration;
			buildSettings = {
				ALWAYS_SEARCH_USER_PATHS = NO;
				CLANG_ANALYZER_NONNULL = YES;
				CLANG_ANALYZER_NUMBER_OBJECT_CONVERSION = YES_AGGRESSIVE;
				CLANG_CXX_LANGUAGE_STANDARD = "gnu++17";
				CLANG_CXX_LIBRARY = "libc++";
				CLANG_ENABLE_MODULES = YES;
				CLANG_ENABLE_OBJC_ARC = YES;
				CLANG_ENABLE_OBJC_WEAK = YES;
				CLANG_WARN_BLOCK_CAPTURE_AUTORELEASING = YES;
				CLANG_WARN_BOOL_CONVERSION = YES;
				CLANG_WARN_COMMA = YES;
				CLANG_WARN_CONSTANT_CONVERSION = YES;
				CLANG_WARN_DEPRECATED_OBJC_IMPLEMENTATIONS = YES;
				CLANG_WARN_DIRECT_OBJC_ISA_USAGE = YES_ERROR;
				CLANG_WARN_DOCUMENTATION_COMMENTS = YES;
				CLANG_WARN_EMPTY_BODY = YES;
				CLANG_WARN_ENUM_CONVERSION = YES;
				CLANG_WARN_INFINITE_RECURSION = YES;
				CLANG_WARN_INT_CONVERSION = YES;
				CLANG_WARN_NON_LITERAL_NULL_CONVERSION = YES;
				CLANG_WARN_OBJC_IMPLICIT_RETAIN_SELF = YES;
				CLANG_WARN_OBJC_LITERAL_CONVERSION = YES;
				CLANG_WARN_OBJC_ROOT_CLASS = YES_ERROR;
				CLANG_WARN_QUOTED_INCLUDE_IN_FRAMEWORK_HEADER = YES;
				CLANG_WARN_RANGE_LOOP_ANALYSIS = YES;
				CLANG_WARN_STRICT_PROTOTYPES = YES;
				CLANG_WARN_SUSPICIOUS_MOVE = YES;
				CLANG_WARN_UNGUARDED_AVAILABILITY = YES_AGGRESSIVE;
				CLANG_WARN_UNREACHABLE_CODE = YES;
				CLANG_WARN__DUPLICATE_METHOD_MATCH = YES;
				COPY_PHASE_STRIP = NO;
				DEBUG_INFORMATION_FORMAT = "dwarf-with-dsym";
				ENABLE_NS_ASSERTIONS = NO;
				ENABLE_STRICT_OBJC_MSGSEND = YES;
				GCC_C_LANGUAGE_STANDARD = gnu11;
				GCC_NO_COMMON_BLOCKS = YES;
				GCC_WARN_64_TO_32_BIT_CONVERSION = YES;
				GCC_WARN_ABOUT_RETURN_TYPE = YES_ERROR;
				GCC_WARN_UNDECLARED_SELECTOR = YES;
				GCC_WARN_UNINITIALIZED_AUTOS = YES_AGGRESSIVE;
				GCC_WARN_UNUSED_FUNCTION = YES;
				GCC_WARN_UNUSED_VARIABLE = YES;
				IPHONEOS_DEPLOYMENT_TARGET = 15.0;
				MTL_ENABLE_DEBUG_INFO = NO;
				MTL_FAST_MATH = YES;
				SDKROOT = iphoneos;
				SWIFT_COMPILATION_MODE = wholemodule;
				SWIFT_OPTIMIZATION_LEVEL = "-O";
				VALIDATE_PRODUCT = YES;
			};
			name = Release;
		};
		A087A77E27318415000BB32A /* Debug */ = {
			isa = XCBuildConfiguration;
			buildSettings = {
				ASSETCATALOG_COMPILER_APPICON_NAME = AppIcon;
				ASSETCATALOG_COMPILER_GLOBAL_ACCENT_COLOR_NAME = AccentColor;
				CODE_SIGN_STYLE = Automatic;
				CURRENT_PROJECT_VERSION = 1;
				DEVELOPMENT_ASSET_PATHS = "\"RealmStack/Preview Content\"";
				DEVELOPMENT_TEAM = UZDZ5UHYDL;
				ENABLE_PREVIEWS = YES;
				GENERATE_INFOPLIST_FILE = YES;
				INFOPLIST_KEY_UIApplicationSceneManifest_Generation = YES;
				INFOPLIST_KEY_UIApplicationSupportsIndirectInputEvents = YES;
				INFOPLIST_KEY_UILaunchScreen_Generation = YES;
				INFOPLIST_KEY_UISupportedInterfaceOrientations_iPad = "UIInterfaceOrientationPortrait UIInterfaceOrientationPortraitUpsideDown UIInterfaceOrientationLandscapeLeft UIInterfaceOrientationLandscapeRight";
				INFOPLIST_KEY_UISupportedInterfaceOrientations_iPhone = "UIInterfaceOrientationPortrait UIInterfaceOrientationLandscapeLeft UIInterfaceOrientationLandscapeRight";
				IPHONEOS_DEPLOYMENT_TARGET = 14.0;
				LD_RUNPATH_SEARCH_PATHS = (
					"$(inherited)",
					"@executable_path/Frameworks",
				);
				MARKETING_VERSION = 1.0;
				PRODUCT_BUNDLE_IDENTIFIER = com.demetri.RealmStack;
				PRODUCT_NAME = "$(TARGET_NAME)";
				SWIFT_EMIT_LOC_STRINGS = YES;
				SWIFT_VERSION = 5.0;
				TARGETED_DEVICE_FAMILY = "1,2";
			};
			name = Debug;
		};
		A087A77F27318415000BB32A /* Release */ = {
			isa = XCBuildConfiguration;
			buildSettings = {
				ASSETCATALOG_COMPILER_APPICON_NAME = AppIcon;
				ASSETCATALOG_COMPILER_GLOBAL_ACCENT_COLOR_NAME = AccentColor;
				CODE_SIGN_STYLE = Automatic;
				CURRENT_PROJECT_VERSION = 1;
				DEVELOPMENT_ASSET_PATHS = "\"RealmStack/Preview Content\"";
				DEVELOPMENT_TEAM = UZDZ5UHYDL;
				ENABLE_PREVIEWS = YES;
				GENERATE_INFOPLIST_FILE = YES;
				INFOPLIST_KEY_UIApplicationSceneManifest_Generation = YES;
				INFOPLIST_KEY_UIApplicationSupportsIndirectInputEvents = YES;
				INFOPLIST_KEY_UILaunchScreen_Generation = YES;
				INFOPLIST_KEY_UISupportedInterfaceOrientations_iPad = "UIInterfaceOrientationPortrait UIInterfaceOrientationPortraitUpsideDown UIInterfaceOrientationLandscapeLeft UIInterfaceOrientationLandscapeRight";
				INFOPLIST_KEY_UISupportedInterfaceOrientations_iPhone = "UIInterfaceOrientationPortrait UIInterfaceOrientationLandscapeLeft UIInterfaceOrientationLandscapeRight";
				IPHONEOS_DEPLOYMENT_TARGET = 14.0;
				LD_RUNPATH_SEARCH_PATHS = (
					"$(inherited)",
					"@executable_path/Frameworks",
				);
				MARKETING_VERSION = 1.0;
				PRODUCT_BUNDLE_IDENTIFIER = com.demetri.RealmStack;
				PRODUCT_NAME = "$(TARGET_NAME)";
				SWIFT_EMIT_LOC_STRINGS = YES;
				SWIFT_VERSION = 5.0;
				TARGETED_DEVICE_FAMILY = "1,2";
			};
			name = Release;
		};
/* End XCBuildConfiguration section */

/* Begin XCConfigurationList section */
		A087A76A27318413000BB32A /* Build configuration list for PBXProject "RealmStack" */ = {
			isa = XCConfigurationList;
			buildConfigurations = (
				A087A77B27318415000BB32A /* Debug */,
				A087A77C27318415000BB32A /* Release */,
			);
			defaultConfigurationIsVisible = 0;
			defaultConfigurationName = Release;
		};
		A087A77D27318415000BB32A /* Build configuration list for PBXNativeTarget "RealmStack" */ = {
			isa = XCConfigurationList;
			buildConfigurations = (
				A087A77E27318415000BB32A /* Debug */,
				A087A77F27318415000BB32A /* Release */,
			);
			defaultConfigurationIsVisible = 0;
			defaultConfigurationName = Release;
		};
/* End XCConfigurationList section */

/* Begin XCRemoteSwiftPackageReference section */
		A087A78C27318710000BB32A /* XCRemoteSwiftPackageReference "realm-cocoa" */ = {
			isa = XCRemoteSwiftPackageReference;
			repositoryURL = "https://github.com/realm/realm-cocoa";
			requirement = {
				kind = exactVersion;
				version = 10.18.0;
			};
		};
/* End XCRemoteSwiftPackageReference section */

/* Begin XCSwiftPackageProductDependency section */
		A087A78D27318710000BB32A /* Realm */ = {
			isa = XCSwiftPackageProductDependency;
			package = A087A78C27318710000BB32A /* XCRemoteSwiftPackageReference "realm-cocoa" */;
			productName = Realm;
		};
		A087A78F27318710000BB32A /* RealmSwift */ = {
			isa = XCSwiftPackageProductDependency;
			package = A087A78C27318710000BB32A /* XCRemoteSwiftPackageReference "realm-cocoa" */;
			productName = RealmSwift;
		};
/* End XCSwiftPackageProductDependency section */
	};
	rootObject = A087A76727318413000BB32A /* Project object */;
}
